{
  "R": {
    "Version": "4.2.2",
    "Repositories": [
      {
        "Name": "CRAN",
        "URL": "https://cran.rstudio.com"
      },
      {
        "Name": "datatable",
        "URL": "https://Rdatatable.gitlab.io/data.table"
      }
    ]
  },
  "Packages": {
    "renv": {
      "Package": "renv",
      "Version": "0.14.0-8",
      "Source": "Repository",
      "Repository": "CRAN",
      "Hash": "c59612d0c340aa55ed11b6cec9024711"
    }
  }
}
